
Microsoft Visual Studio Solution File, Format Version 12.00
# Visual Studio 15
VisualStudioVersion = 15.0.28307.1684
MinimumVisualStudioVersion = 10.0.40219.1
Project("{8BC9CEB8-8B4A-11D0-8D11-00A0C91BC942}") = "CH4_Lab2_p.4", "CH4_Lab2_p.4\CH4_Lab2_p.4.vcxproj", "{CEC1597F-44F5-490C-A5E7-2DC19390F236}"
EndProject
Global
	GlobalSection(SolutionConfigurationPlatforms) = preSolution
		Debug|x64 = Debug|x64
		Debug|x86 = Debug|x86
		Release|x64 = Release|x64
		Release|x86 = Release|x86
	EndGlobalSection
	GlobalSection(ProjectConfigurationPlatforms) = postSolution
		{CEC1597F-44F5-490C-A5E7-2DC19390F236}.Debug|x64.ActiveCfg = Debug|x64
		{CEC1597F-44F5-490C-A5E7-2DC19390F236}.Debug|x64.Build.0 = Debug|x64
		{CEC1597F-44F5-490C-A5E7-2DC19390F236}.Debug|x86.ActiveCfg = Debug|Win32
		{CEC1597F-44F5-490C-A5E7-2DC19390F236}.Debug|x86.Build.0 = Debug|Win32
		{CEC1597F-44F5-490C-A5E7-2DC19390F236}.Release|x64.ActiveCfg = Release|x64
		{CEC1597F-44F5-490C-A5E7-2DC19390F236}.Release|x64.Build.0 = Release|x64
		{CEC1597F-44F5-490C-A5E7-2DC19390F236}.Release|x86.ActiveCfg = Release|Win32
		{CEC1597F-44F5-490C-A5E7-2DC19390F236}.Release|x86.Build.0 = Release|Win32
	EndGlobalSection
	GlobalSection(SolutionProperties) = preSolution
		HideSolutionNode = FALSE
	EndGlobalSection
	GlobalSection(ExtensibilityGlobals) = postSolution
		SolutionGuid = {6EEC3C46-D263-4440-83A0-8C562D24A053}
	EndGlobalSection
EndGlobal
